
Microsoft Visual Studio Solution File, Format Version 12.00
# Visual Studio Version 17
VisualStudioVersion = 17.6.33815.320
MinimumVisualStudioVersion = 10.0.40219.1
Project("{8BC9CEB8-8B4A-11D0-8D11-00A0C91BC942}") = "bai12_bangcuuchuong", "bai12_bangcuuchuong.vcxproj", "{4085B18B-80CF-4BA6-B01F-3FF45B7BEBF6}"
EndProject
Global
	GlobalSection(SolutionConfigurationPlatforms) = preSolution
		Debug|x64 = Debug|x64
		Debug|x86 = Debug|x86
		Release|x64 = Release|x64
		Release|x86 = Release|x86
	EndGlobalSection
	GlobalSection(ProjectConfigurationPlatforms) = postSolution
		{4085B18B-80CF-4BA6-B01F-3FF45B7BEBF6}.Debug|x64.ActiveCfg = Debug|x64
		{4085B18B-80CF-4BA6-B01F-3FF45B7BEBF6}.Debug|x64.Build.0 = Debug|x64
		{4085B18B-80CF-4BA6-B01F-3FF45B7BEBF6}.Debug|x86.ActiveCfg = Debug|Win32
		{4085B18B-80CF-4BA6-B01F-3FF45B7BEBF6}.Debug|x86.Build.0 = Debug|Win32
		{4085B18B-80CF-4BA6-B01F-3FF45B7BEBF6}.Release|x64.ActiveCfg = Release|x64
		{4085B18B-80CF-4BA6-B01F-3FF45B7BEBF6}.Release|x64.Build.0 = Release|x64
		{4085B18B-80CF-4BA6-B01F-3FF45B7BEBF6}.Release|x86.ActiveCfg = Release|Win32
		{4085B18B-80CF-4BA6-B01F-3FF45B7BEBF6}.Release|x86.Build.0 = Release|Win32
	EndGlobalSection
	GlobalSection(SolutionProperties) = preSolution
		HideSolutionNode = FALSE
	EndGlobalSection
	GlobalSection(ExtensibilityGlobals) = postSolution
		SolutionGuid = {2A58B473-E147-4E45-9473-C7E8B436CF94}
	EndGlobalSection
EndGlobal
